schema: '2.0'
stages:
  ingestion:
    cmd: python3 -m src.jurisrag_arabic.ingestion.processDocs
    deps:
    - path: data/raw/legal_doc.pdf
      hash: md5
      md5: 5086ef5f16f15d856278db943e58e948
      size: 2599703
    - path: src/jurisrag_arabic/ingestion/processDocs.py
      hash: md5
      md5: 58afe746d44779930d796337ba0c95db
      size: 13118
    outs:
    - path: data/processed/legal_doc.json
      hash: md5
      md5: abbb2c942778aa52d8375ab19f8d914d
      size: 1208714
